<Solution>
  <Project Path="Recursividad_Factorial_CristianBeltre/Recursividad_Factorial_CristianBeltre.csproj" />
  <Project Path="Recursividad_Fibonacci_CristianBeltre/Recursividad_Fibonacci_CristianBeltre.csproj" />
  <Project Path="Recursividad_Hanoi_CristianBeltre/Recursividad_Hanoi_CristianBeltre.csproj" />
</Solution>
